
Microsoft Visual Studio Solution File, Format Version 12.00
# Visual Studio 14
VisualStudioVersion = 14.0.25420.1
MinimumVisualStudioVersion = 10.0.40219.1
Project("{FAE04EC0-301F-11D3-BF4B-00C04F79EFBC}") = "ServidorEDD", "ServidorEDD\ServidorEDD.csproj", "{0B5B62B1-AB4E-4AC3-B53D-FC4F730F0B2F}"
EndProject
Global
	GlobalSection(SolutionConfigurationPlatforms) = preSolution
		Debug|Any CPU = Debug|Any CPU
		Release|Any CPU = Release|Any CPU
	EndGlobalSection
	GlobalSection(ProjectConfigurationPlatforms) = postSolution
		{0B5B62B1-AB4E-4AC3-B53D-FC4F730F0B2F}.Debug|Any CPU.ActiveCfg = Debug|Any CPU
		{0B5B62B1-AB4E-4AC3-B53D-FC4F730F0B2F}.Debug|Any CPU.Build.0 = Debug|Any CPU
		{0B5B62B1-AB4E-4AC3-B53D-FC4F730F0B2F}.Release|Any CPU.ActiveCfg = Release|Any CPU
		{0B5B62B1-AB4E-4AC3-B53D-FC4F730F0B2F}.Release|Any CPU.Build.0 = Release|Any CPU
	EndGlobalSection
	GlobalSection(SolutionProperties) = preSolution
		HideSolutionNode = FALSE
	EndGlobalSection
EndGlobal
